
Microsoft Visual Studio Solution File, Format Version 12.00
# Visual Studio Version 17
VisualStudioVersion = 17.4.33213.308
MinimumVisualStudioVersion = 10.0.40219.1
Project("{9A19103F-16F7-4668-BE54-9A1E7A4F7556}") = "NLogApp", "NLogApp\NLogApp.csproj", "{110F89BC-C40F-4DA9-BC7E-4CC6A98B5798}"
EndProject
Project("{9A19103F-16F7-4668-BE54-9A1E7A4F7556}") = "WebApp1", "WebApp1\WebApp1.csproj", "{11D9799F-C8F0-4DFC-BC50-92C6F89539EC}"
EndProject
Global
	GlobalSection(SolutionConfigurationPlatforms) = preSolution
		Debug|Any CPU = Debug|Any CPU
		Release|Any CPU = Release|Any CPU
	EndGlobalSection
	GlobalSection(ProjectConfigurationPlatforms) = postSolution
		{110F89BC-C40F-4DA9-BC7E-4CC6A98B5798}.Debug|Any CPU.ActiveCfg = Debug|Any CPU
		{110F89BC-C40F-4DA9-BC7E-4CC6A98B5798}.Debug|Any CPU.Build.0 = Debug|Any CPU
		{110F89BC-C40F-4DA9-BC7E-4CC6A98B5798}.Release|Any CPU.ActiveCfg = Release|Any CPU
		{110F89BC-C40F-4DA9-BC7E-4CC6A98B5798}.Release|Any CPU.Build.0 = Release|Any CPU
		{11D9799F-C8F0-4DFC-BC50-92C6F89539EC}.Debug|Any CPU.ActiveCfg = Debug|Any CPU
		{11D9799F-C8F0-4DFC-BC50-92C6F89539EC}.Debug|Any CPU.Build.0 = Debug|Any CPU
		{11D9799F-C8F0-4DFC-BC50-92C6F89539EC}.Release|Any CPU.ActiveCfg = Release|Any CPU
		{11D9799F-C8F0-4DFC-BC50-92C6F89539EC}.Release|Any CPU.Build.0 = Release|Any CPU
	EndGlobalSection
	GlobalSection(SolutionProperties) = preSolution
		HideSolutionNode = FALSE
	EndGlobalSection
	GlobalSection(ExtensibilityGlobals) = postSolution
		SolutionGuid = {57481620-8FAD-4F38-AC86-8B64BAD5E3EC}
	EndGlobalSection
EndGlobal
